
Microsoft Visual Studio Solution File, Format Version 12.00
# Visual Studio Version 17
VisualStudioVersion = 17.4.33103.184
MinimumVisualStudioVersion = 10.0.40219.1
Project("{FAE04EC0-301F-11D3-BF4B-00C04F79EFBC}") = "DataMosher", "DataMosher\DataMosher.csproj", "{D8E86644-DD90-4D95-A919-E95132201BFC}"
EndProject
Global
	GlobalSection(SolutionConfigurationPlatforms) = preSolution
		Debug|Any CPU = Debug|Any CPU
		Release|Any CPU = Release|Any CPU
	EndGlobalSection
	GlobalSection(ProjectConfigurationPlatforms) = postSolution
		{D8E86644-DD90-4D95-A919-E95132201BFC}.Debug|Any CPU.ActiveCfg = Debug|Any CPU
		{D8E86644-DD90-4D95-A919-E95132201BFC}.Debug|Any CPU.Build.0 = Debug|Any CPU
		{D8E86644-DD90-4D95-A919-E95132201BFC}.Release|Any CPU.ActiveCfg = Release|Any CPU
		{D8E86644-DD90-4D95-A919-E95132201BFC}.Release|Any CPU.Build.0 = Release|Any CPU
	EndGlobalSection
	GlobalSection(SolutionProperties) = preSolution
		HideSolutionNode = FALSE
	EndGlobalSection
	GlobalSection(ExtensibilityGlobals) = postSolution
		SolutionGuid = {2251BCF2-15CE-4637-B370-412ACB58616B}
	EndGlobalSection
EndGlobal
